
Microsoft Visual Studio Solution File, Format Version 12.00
# Visual Studio Version 17
VisualStudioVersion = 17.3.32929.385
MinimumVisualStudioVersion = 10.0.40219.1
Project("{9A19103F-16F7-4668-BE54-9A1E7A4F7556}") = "Data", "Data\Data.csproj", "{AF19EDBB-041D-4327-99DE-1E66F8B77055}"
EndProject
Project("{9A19103F-16F7-4668-BE54-9A1E7A4F7556}") = "Business", "Business\Business.csproj", "{2DAECE42-6C64-49BD-80CA-4A9F702B5BDF}"
EndProject
Project("{9A19103F-16F7-4668-BE54-9A1E7A4F7556}") = "ExpenseTrackerNUnitTests", "ExpenseTrackerNUnitTests\ExpenseTrackerNUnitTests.csproj", "{DFEE2749-AB30-4429-970D-BED7D473C1F2}"
EndProject
Project("{FAE04EC0-301F-11D3-BF4B-00C04F79EFBC}") = "WebApp", "WebApp\WebApp.csproj", "{32BDA8FE-A013-40A9-A931-22804FAACF7B}"
EndProject
Global
	GlobalSection(SolutionConfigurationPlatforms) = preSolution
		Debug|Any CPU = Debug|Any CPU
		Release|Any CPU = Release|Any CPU
	EndGlobalSection
	GlobalSection(ProjectConfigurationPlatforms) = postSolution
		{AF19EDBB-041D-4327-99DE-1E66F8B77055}.Debug|Any CPU.ActiveCfg = Debug|Any CPU
		{AF19EDBB-041D-4327-99DE-1E66F8B77055}.Debug|Any CPU.Build.0 = Debug|Any CPU
		{AF19EDBB-041D-4327-99DE-1E66F8B77055}.Release|Any CPU.ActiveCfg = Release|Any CPU
		{AF19EDBB-041D-4327-99DE-1E66F8B77055}.Release|Any CPU.Build.0 = Release|Any CPU
		{2DAECE42-6C64-49BD-80CA-4A9F702B5BDF}.Debug|Any CPU.ActiveCfg = Debug|Any CPU
		{2DAECE42-6C64-49BD-80CA-4A9F702B5BDF}.Debug|Any CPU.Build.0 = Debug|Any CPU
		{2DAECE42-6C64-49BD-80CA-4A9F702B5BDF}.Release|Any CPU.ActiveCfg = Release|Any CPU
		{2DAECE42-6C64-49BD-80CA-4A9F702B5BDF}.Release|Any CPU.Build.0 = Release|Any CPU
		{DFEE2749-AB30-4429-970D-BED7D473C1F2}.Debug|Any CPU.ActiveCfg = Debug|Any CPU
		{DFEE2749-AB30-4429-970D-BED7D473C1F2}.Debug|Any CPU.Build.0 = Debug|Any CPU
		{DFEE2749-AB30-4429-970D-BED7D473C1F2}.Release|Any CPU.ActiveCfg = Release|Any CPU
		{DFEE2749-AB30-4429-970D-BED7D473C1F2}.Release|Any CPU.Build.0 = Release|Any CPU
		{32BDA8FE-A013-40A9-A931-22804FAACF7B}.Debug|Any CPU.ActiveCfg = Debug|Any CPU
		{32BDA8FE-A013-40A9-A931-22804FAACF7B}.Debug|Any CPU.Build.0 = Debug|Any CPU
		{32BDA8FE-A013-40A9-A931-22804FAACF7B}.Release|Any CPU.ActiveCfg = Release|Any CPU
		{32BDA8FE-A013-40A9-A931-22804FAACF7B}.Release|Any CPU.Build.0 = Release|Any CPU
	EndGlobalSection
	GlobalSection(SolutionProperties) = preSolution
		HideSolutionNode = FALSE
	EndGlobalSection
	GlobalSection(ExtensibilityGlobals) = postSolution
		SolutionGuid = {E38C71BA-BDBE-4DF5-9BF3-5E5F667240D1}
	EndGlobalSection
EndGlobal
